{
  "nodes": {
    "cadquery-freecad-import-plugin-src": {
      "flake": false,
      "locked": {
        "lastModified": 1734615666,
        "narHash": "sha256-/puHlsdDqdVbVdxOkkwMEW/S//BztFA8fNkTp9PbSYY=",
        "owner": "jmwright",
        "repo": "cadquery-freecad-import-plugin",
        "rev": "a0f72aedafc80e40b486d991f8659ed4ce5eb147",
        "type": "github"
      },
      "original": {
        "owner": "jmwright",
        "repo": "cadquery-freecad-import-plugin",
        "type": "github"
      }
    },
    "cadquery-src": {
      "flake": false,
      "locked": {
        "lastModified": 1741533881,
        "narHash": "sha256-LNzo356Chh52Soi91i/z5fD9mDlh3P0saUieS5f399g=",
        "owner": "CadQuery",
        "repo": "cadquery",
        "rev": "471ab6fcc79b6ce64b857d33d06202c030cf5459",
        "type": "github"
      },
      "original": {
        "owner": "CadQuery",
        "repo": "cadquery",
        "rev": "471ab6fcc79b6ce64b857d33d06202c030cf5459",
        "type": "github"
      }
    },
    "cq-cli-src": {
      "flake": false,
      "locked": {
        "lastModified": 1742395288,
        "narHash": "sha256-aiLjhyQLeXy4kDW9C8n5XL2BqKGixufTgVKOPWiTZ9c=",
        "owner": "CadQuery",
        "repo": "cq-cli",
        "rev": "6a6076a1659fe3cfd706cb353725e5cf3f4b4715",
        "type": "github"
      },
      "original": {
        "owner": "CadQuery",
        "repo": "cq-cli",
        "type": "github"
      }
    },
    "cq-editor-src": {
      "flake": false,
      "locked": {
        "lastModified": 1739812831,
        "narHash": "sha256-6cFVT+HIRoht1XPY+mvk9iTQ50Q8kqx9XxgNsRMFQ9c=",
        "owner": "CadQuery",
        "repo": "CQ-editor",
        "rev": "7c92ec9d967f0f1e295a0f2dcf779ea871338e08",
        "type": "github"
      },
      "original": {
        "owner": "CadQuery",
        "ref": "0.4.0",
        "repo": "CQ-editor",
        "type": "github"
      }
    },
    "cq-flake": {
      "inputs": {
        "cadquery-freecad-import-plugin-src": "cadquery-freecad-import-plugin-src",
        "cadquery-src": "cadquery-src",
        "cq-cli-src": "cq-cli-src",
        "cq-editor-src": "cq-editor-src",
        "flake-utils": "flake-utils",
        "nixpkgs": "nixpkgs",
        "ocp-src": "ocp-src",
        "ocp-stubs-src": "ocp-stubs-src",
        "pybind11-stubgen-src": "pybind11-stubgen-src",
        "pywrap-src": "pywrap-src"
      },
      "locked": {
        "lastModified": 1765891741,
        "narHash": "sha256-71CHh2FMmmBlduyAw8LD+PLjLlm+k5wtBatF8F7aJpQ=",
        "owner": "vinszent",
        "repo": "cq-flake",
        "rev": "6212f4f8155d03bb7ddd811d766fbcd23a8b338b",
        "type": "github"
      },
      "original": {
        "owner": "vinszent",
        "repo": "cq-flake",
        "type": "github"
      }
    },
    "flake-utils": {
      "inputs": {
        "systems": "systems"
      },
      "locked": {
        "lastModified": 1731533236,
        "narHash": "sha256-l0KFg5HjrsfsO/JpG+r7fRrqm12kzFHyUHqHCVpMMbI=",
        "owner": "numtide",
        "repo": "flake-utils",
        "rev": "11707dc2f618dd54ca8739b309ec4fc024de578b",
        "type": "github"
      },
      "original": {
        "owner": "numtide",
        "repo": "flake-utils",
        "type": "github"
      }
    },
    "nix-github-actions": {
      "inputs": {
        "nixpkgs": [
          "zephyr-nix",
          "nixpkgs"
        ]
      },
      "locked": {
        "lastModified": 1737420293,
        "narHash": "sha256-F1G5ifvqTpJq7fdkT34e/Jy9VCyzd5XfJ9TO8fHhJWE=",
        "owner": "nix-community",
        "repo": "nix-github-actions",
        "rev": "f4158fa080ef4503c8f4c820967d946c2af31ec9",
        "type": "github"
      },
      "original": {
        "owner": "nix-community",
        "repo": "nix-github-actions",
        "type": "github"
      }
    },
    "nixpkgs": {
      "locked": {
        "lastModified": 1742889210,
        "narHash": "sha256-hw63HnwnqU3ZQfsMclLhMvOezpM7RSB0dMAtD5/sOiw=",
        "owner": "NixOS",
        "repo": "nixpkgs",
        "rev": "698214a32beb4f4c8e3942372c694f40848b360d",
        "type": "github"
      },
      "original": {
        "owner": "NixOS",
        "ref": "nixos-unstable",
        "repo": "nixpkgs",
        "type": "github"
      }
    },
    "nixpkgs-unstable": {
      "locked": {
        "lastModified": 1773821835,
        "narHash": "sha256-TJ3lSQtW0E2JrznGVm8hOQGVpXjJyXY2guAxku2O9A4=",
        "owner": "NixOS",
        "repo": "nixpkgs",
        "rev": "b40629efe5d6ec48dd1efba650c797ddbd39ace0",
        "type": "github"
      },
      "original": {
        "owner": "NixOS",
        "ref": "nixos-unstable",
        "repo": "nixpkgs",
        "type": "github"
      }
    },
    "nixpkgs_2": {
      "locked": {
        "lastModified": 1751274312,
        "narHash": "sha256-/bVBlRpECLVzjV19t5KMdMFWSwKLtb5RyXdjz3LJT+g=",
        "owner": "NixOS",
        "repo": "nixpkgs",
        "rev": "50ab793786d9de88ee30ec4e4c24fb4236fc2674",
        "type": "github"
      },
      "original": {
        "owner": "NixOS",
        "ref": "nixos-24.11",
        "repo": "nixpkgs",
        "type": "github"
      }
    },
    "ocp-src": {
      "flake": false,
      "locked": {
        "lastModified": 1739132137,
        "narHash": "sha256-vWAqCGgs7YnwHRhPAXkBQqCs+Y3zk4BMu1boZo3PLGA=",
        "owner": "cadquery",
        "repo": "ocp",
        "rev": "01055e099a3b1a34da38bb1f5457f06a2d4c7a18",
        "type": "github"
      },
      "original": {
        "owner": "cadquery",
        "ref": "7.8.1.2",
        "repo": "ocp",
        "type": "github"
      }
    },
    "ocp-stubs-src": {
      "flake": false,
      "locked": {
        "lastModified": 1672527176,
        "narHash": "sha256-m9Rg36GYlYfwEfF0PQJWEXf8TyM5HmjeuhJCODiurvY=",
        "owner": "cadquery",
        "repo": "ocp-stubs",
        "rev": "e838ff400d5ee2f4a0579d2a713b19311855288f",
        "type": "github"
      },
      "original": {
        "owner": "cadquery",
        "repo": "ocp-stubs",
        "type": "github"
      }
    },
    "pybind11-stubgen-src": {
      "flake": false,
      "locked": {
        "lastModified": 1700678104,
        "narHash": "sha256-76u1GcHPPh8oYQeQZDJ4K/so0U7F6rznZ1xa6syqI9s=",
        "owner": "CadQuery",
        "repo": "pybind11-stubgen",
        "rev": "6dc681d838d3ec9a8a9aa4260c8392d3fb700ff0",
        "type": "github"
      },
      "original": {
        "owner": "CadQuery",
        "repo": "pybind11-stubgen",
        "type": "github"
      }
    },
    "pyproject-nix": {
      "inputs": {
        "nixpkgs": [
          "zephyr-nix",
          "nixpkgs"
        ]
      },
      "locked": {
        "lastModified": 1758265079,
        "narHash": "sha256-amLaLNwKSZPShQHzfgmc/9o76dU8xzN0743dWgvYlr8=",
        "owner": "nix-community",
        "repo": "pyproject.nix",
        "rev": "02e9418fd4af638447dca4b17b1280da95527fc9",
        "type": "github"
      },
      "original": {
        "owner": "nix-community",
        "repo": "pyproject.nix",
        "type": "github"
      }
    },
    "pywrap-src": {
      "flake": false,
      "locked": {
        "lastModified": 1736233855,
        "narHash": "sha256-u+P/SUGpYhzA1oVbEv26DF8PBEpsotEk4iXIXZhgzHc=",
        "owner": "CadQuery",
        "repo": "pywrap",
        "rev": "9c9ca5b8aa0d9a6687394897815a682b8c319fb0",
        "type": "github"
      },
      "original": {
        "owner": "CadQuery",
        "repo": "pywrap",
        "type": "github"
      }
    },
    "root": {
      "inputs": {
        "cq-flake": "cq-flake",
        "nixpkgs": "nixpkgs_2",
        "nixpkgs-unstable": "nixpkgs-unstable",
        "zephyr": "zephyr",
        "zephyr-nix": "zephyr-nix"
      }
    },
    "systems": {
      "locked": {
        "lastModified": 1681028828,
        "narHash": "sha256-Vy1rq5AaRuLzOxct8nz4T6wlgyUR7zLU309k9mBC768=",
        "owner": "nix-systems",
        "repo": "default",
        "rev": "da67096a3b9bf56a91d16901293e51ba5b49a27e",
        "type": "github"
      },
      "original": {
        "owner": "nix-systems",
        "repo": "default",
        "type": "github"
      }
    },
    "zephyr": {
      "flake": false,
      "locked": {
        "lastModified": 1767824654,
        "narHash": "sha256-PsEv2r8bGUpJo9s4mgnS0N496ddad6OWT7/qBAprphg=",
        "owner": "zmkfirmware",
        "repo": "zephyr",
        "rev": "ec36516990d40355238db3049bc1709191f99b4e",
        "type": "github"
      },
      "original": {
        "owner": "zmkfirmware",
        "ref": "v4.1.0+zmk-fixes",
        "repo": "zephyr",
        "type": "github"
      }
    },
    "zephyr-nix": {
      "inputs": {
        "nix-github-actions": "nix-github-actions",
        "nixpkgs": [
          "nixpkgs"
        ],
        "pyproject-nix": "pyproject-nix",
        "zephyr": [
          "zephyr"
        ]
      },
      "locked": {
        "lastModified": 1766008436,
        "narHash": "sha256-rxsL4PELWWJm1jp2j3fQEatsbXVwf/P5KnESLflh84s=",
        "owner": "urob",
        "repo": "zephyr-nix",
        "rev": "62288a26868d805935952a8cf8a77ffe5ec994f7",
        "type": "github"
      },
      "original": {
        "owner": "urob",
        "repo": "zephyr-nix",
        "type": "github"
      }
    }
  },
  "root": "root",
  "version": 7
}
